
Microsoft Visual Studio Solution File, Format Version 12.00
Project("{FAE04EC0-301F-11D3-BF4B-00C04F79EFBC}") = "WebAPI", "WebAPI\WebAPI.csproj", "{63F6E15B-68C5-4B34-B4BD-C66F848A5E7A}"
EndProject
Project("{2150E333-8FDC-42A3-9474-1A3956D46DE8}") = "Server", "Server", "{F185FD54-9426-4CD4-BC0D-55D7354E3718}"
EndProject
Project("{2150E333-8FDC-42A3-9474-1A3956D46DE8}") = "Plugins", "Plugins", "{68C6D5D8-580D-4B70-84D1-526ACBE1BC33}"
EndProject
Project("{2150E333-8FDC-42A3-9474-1A3956D46DE8}") = "DatabaseProviders", "DatabaseProviders", "{703E0694-D782-4D48-AB18-0D604097E77B}"
EndProject
Project("{FAE04EC0-301F-11D3-BF4B-00C04F79EFBC}") = "Contracts", "Contracts\Contracts.csproj", "{E891AD4C-AA2E-4607-B244-D6368C38DB12}"
EndProject
Project("{2150E333-8FDC-42A3-9474-1A3956D46DE8}") = "ScanDatabaseProvider", "ScanDatabaseProvider", "{529C51C6-4CC8-4B67-ACEA-DC934ED0CB8C}"
EndProject
Project("{FAE04EC0-301F-11D3-BF4B-00C04F79EFBC}") = "MSSQLProvider", "MSSQLProvider\MSSQLProvider.csproj", "{BBCA0E85-E033-413A-B54C-F35328DD70B3}"
EndProject
Project("{FAE04EC0-301F-11D3-BF4B-00C04F79EFBC}") = "ScanMSSQLProvider", "ScanMSSQLProvider\ScanMSSQLProvider.csproj", "{F7D4CA81-D6A1-44D7-97C0-F632BEC85027}"
EndProject
Project("{FAE04EC0-301F-11D3-BF4B-00C04F79EFBC}") = "PluginManager", "PluginManager\PluginManager.csproj", "{E1088F49-1507-470A-BC54-AAC2E3C8DF57}"
EndProject
Project("{2150E333-8FDC-42A3-9474-1A3956D46DE8}") = "Plugins", "Plugins", "{5599D8BB-F836-4803-936E-B50F0ED6F936}"
EndProject
Project("{FAE04EC0-301F-11D3-BF4B-00C04F79EFBC}") = "TestPlugins", "TestPlugins\TestPlugins.csproj", "{21048534-04B5-4B2F-8E2B-AA2F0A9742C3}"
EndProject
Global
	GlobalSection(SolutionConfigurationPlatforms) = preSolution
		Debug|Any CPU = Debug|Any CPU
		Release|Any CPU = Release|Any CPU
	EndGlobalSection
	GlobalSection(ProjectConfigurationPlatforms) = postSolution
		{63F6E15B-68C5-4B34-B4BD-C66F848A5E7A}.Debug|Any CPU.ActiveCfg = Debug|Any CPU
		{63F6E15B-68C5-4B34-B4BD-C66F848A5E7A}.Debug|Any CPU.Build.0 = Debug|Any CPU
		{63F6E15B-68C5-4B34-B4BD-C66F848A5E7A}.Release|Any CPU.ActiveCfg = Release|Any CPU
		{63F6E15B-68C5-4B34-B4BD-C66F848A5E7A}.Release|Any CPU.Build.0 = Release|Any CPU
		{E891AD4C-AA2E-4607-B244-D6368C38DB12}.Debug|Any CPU.ActiveCfg = Debug|Any CPU
		{E891AD4C-AA2E-4607-B244-D6368C38DB12}.Debug|Any CPU.Build.0 = Debug|Any CPU
		{E891AD4C-AA2E-4607-B244-D6368C38DB12}.Release|Any CPU.ActiveCfg = Release|Any CPU
		{E891AD4C-AA2E-4607-B244-D6368C38DB12}.Release|Any CPU.Build.0 = Release|Any CPU
		{BBCA0E85-E033-413A-B54C-F35328DD70B3}.Debug|Any CPU.ActiveCfg = Debug|Any CPU
		{BBCA0E85-E033-413A-B54C-F35328DD70B3}.Debug|Any CPU.Build.0 = Debug|Any CPU
		{BBCA0E85-E033-413A-B54C-F35328DD70B3}.Release|Any CPU.ActiveCfg = Release|Any CPU
		{BBCA0E85-E033-413A-B54C-F35328DD70B3}.Release|Any CPU.Build.0 = Release|Any CPU
		{F7D4CA81-D6A1-44D7-97C0-F632BEC85027}.Debug|Any CPU.ActiveCfg = Debug|Any CPU
		{F7D4CA81-D6A1-44D7-97C0-F632BEC85027}.Debug|Any CPU.Build.0 = Debug|Any CPU
		{F7D4CA81-D6A1-44D7-97C0-F632BEC85027}.Release|Any CPU.ActiveCfg = Release|Any CPU
		{F7D4CA81-D6A1-44D7-97C0-F632BEC85027}.Release|Any CPU.Build.0 = Release|Any CPU
		{E1088F49-1507-470A-BC54-AAC2E3C8DF57}.Debug|Any CPU.ActiveCfg = Debug|Any CPU
		{E1088F49-1507-470A-BC54-AAC2E3C8DF57}.Debug|Any CPU.Build.0 = Debug|Any CPU
		{E1088F49-1507-470A-BC54-AAC2E3C8DF57}.Release|Any CPU.ActiveCfg = Release|Any CPU
		{E1088F49-1507-470A-BC54-AAC2E3C8DF57}.Release|Any CPU.Build.0 = Release|Any CPU
		{21048534-04B5-4B2F-8E2B-AA2F0A9742C3}.Debug|Any CPU.ActiveCfg = Debug|Any CPU
		{21048534-04B5-4B2F-8E2B-AA2F0A9742C3}.Debug|Any CPU.Build.0 = Debug|Any CPU
		{21048534-04B5-4B2F-8E2B-AA2F0A9742C3}.Release|Any CPU.ActiveCfg = Release|Any CPU
		{21048534-04B5-4B2F-8E2B-AA2F0A9742C3}.Release|Any CPU.Build.0 = Release|Any CPU
	EndGlobalSection
	GlobalSection(NestedProjects) = preSolution
		{63F6E15B-68C5-4B34-B4BD-C66F848A5E7A} = {F185FD54-9426-4CD4-BC0D-55D7354E3718}
		{703E0694-D782-4D48-AB18-0D604097E77B} = {68C6D5D8-580D-4B70-84D1-526ACBE1BC33}
		{529C51C6-4CC8-4B67-ACEA-DC934ED0CB8C} = {68C6D5D8-580D-4B70-84D1-526ACBE1BC33}
		{BBCA0E85-E033-413A-B54C-F35328DD70B3} = {703E0694-D782-4D48-AB18-0D604097E77B}
		{F7D4CA81-D6A1-44D7-97C0-F632BEC85027} = {529C51C6-4CC8-4B67-ACEA-DC934ED0CB8C}
		{E1088F49-1507-470A-BC54-AAC2E3C8DF57} = {F185FD54-9426-4CD4-BC0D-55D7354E3718}
		{5599D8BB-F836-4803-936E-B50F0ED6F936} = {68C6D5D8-580D-4B70-84D1-526ACBE1BC33}
		{21048534-04B5-4B2F-8E2B-AA2F0A9742C3} = {5599D8BB-F836-4803-936E-B50F0ED6F936}
	EndGlobalSection
EndGlobal
